
Microsoft Visual Studio Solution File, Format Version 12.00
# Visual Studio Version 17
VisualStudioVersion = 17.4.33213.308
MinimumVisualStudioVersion = 10.0.40219.1
Project("{9A19103F-16F7-4668-BE54-9A1E7A4F7556}") = "ModelViewController", "ArchPatterns\ModelViewController.csproj", "{8D8B08E3-8A5F-492E-946E-51AF8BDD10BC}"
EndProject
Project("{FAE04EC0-301F-11D3-BF4B-00C04F79EFBC}") = "EntityComponentSystem", "EntityComponentSystem\EntityComponentSystem.csproj", "{7C692465-D9D7-483E-812C-8693DE7FF778}"
EndProject
Global
	GlobalSection(SolutionConfigurationPlatforms) = preSolution
		Debug|Any CPU = Debug|Any CPU
		Release|Any CPU = Release|Any CPU
	EndGlobalSection
	GlobalSection(ProjectConfigurationPlatforms) = postSolution
		{8D8B08E3-8A5F-492E-946E-51AF8BDD10BC}.Debug|Any CPU.ActiveCfg = Debug|Any CPU
		{8D8B08E3-8A5F-492E-946E-51AF8BDD10BC}.Debug|Any CPU.Build.0 = Debug|Any CPU
		{8D8B08E3-8A5F-492E-946E-51AF8BDD10BC}.Release|Any CPU.ActiveCfg = Release|Any CPU
		{8D8B08E3-8A5F-492E-946E-51AF8BDD10BC}.Release|Any CPU.Build.0 = Release|Any CPU
		{7C692465-D9D7-483E-812C-8693DE7FF778}.Debug|Any CPU.ActiveCfg = Debug|Any CPU
		{7C692465-D9D7-483E-812C-8693DE7FF778}.Debug|Any CPU.Build.0 = Debug|Any CPU
		{7C692465-D9D7-483E-812C-8693DE7FF778}.Release|Any CPU.ActiveCfg = Release|Any CPU
		{7C692465-D9D7-483E-812C-8693DE7FF778}.Release|Any CPU.Build.0 = Release|Any CPU
	EndGlobalSection
	GlobalSection(SolutionProperties) = preSolution
		HideSolutionNode = FALSE
	EndGlobalSection
	GlobalSection(ExtensibilityGlobals) = postSolution
		SolutionGuid = {282D2CD7-6487-45AC-B310-529866DEA086}
	EndGlobalSection
EndGlobal
